github.com/kwf2030/commons v1.0.0 h1:bmKGqTJoAjiswAhA+dGYxuMLA5sQblV7g689MAwrizk=
github.com/kwf2030/commons v1.0.0/go.mod h1:yFGzJxUs9MNDzpKIWrvb8HIgtZzj87klI8XcDIyzoWw=
github.com/kwf2030/commons v1.1.0 h1:k/68/cACXotkAVL6AULTPogCzA2zdTzDnv2ejlvBPPs=
github.com/kwf2030/commons v1.1.0/go.mod h1:yFGzJxUs9MNDzpKIWrvb8HIgtZzj87klI8XcDIyzoWw=
go.etcd.io/bbolt v1.3.3 h1:MUGmc65QhB3pIlaQ5bB4LwqSj6GIonVJXpZiaKNyaKk=
go.etcd.io/bbolt v1.3.3/go.mod h1:IbVyRI1SCnLcuJnV2u8VeU0CEYM7e686BmAb1XKL+uU=
golang.org/x/sys v0.0.0-20191007154456-ef33b2fb2c41 h1:OC2BiV9nQHWgVMNbxZ5/eZKWnnd3Z4H9W5zdNvC4EBc=
golang.org/x/sys v0.0.0-20191007154456-ef33b2fb2c41/go.mod h1:h1NjWce9XRLGQEsW7wpKNCjG9DtNlClVuFLEZdDNbEs=
